<?xml version="1.0" encoding="utf-8"?>
<Project ToolsVersion="4.0" xmlns="http://schemas.microsoft.com/developer/msbuild/2003">
  <ItemGroup>
    <Filter Include="Kei">
      <UniqueIdentifier>{5EFF870B-CA08-887C-5384-9E7CBF8C937C}</UniqueIdentifier>
    </Filter>
    <Filter Include="Kei\Events">
      <UniqueIdentifier>{82F5540C-6EAD-9659-D7B4-6FB5C38B314A}</UniqueIdentifier>
    </Filter>
    <Filter Include="Kei\Misc">
      <UniqueIdentifier>{D9D0220A-C59D-7D15-EEB6-6BBDDAE2B2A3}</UniqueIdentifier>
    </Filter>
  </ItemGroup>
  <ItemGroup>
    <ClInclude Include="src\Kei.h" />
    <ClInclude Include="src\Kei\Application.h">
      <Filter>Kei</Filter>
    </ClInclude>
    <ClInclude Include="src\Kei\Core.h">
      <Filter>Kei</Filter>
    </ClInclude>
    <ClInclude Include="src\Kei\EntryPoint.h">
      <Filter>Kei</Filter>
    </ClInclude>
    <ClInclude Include="src\Kei\Events\ApplicationEvent.h">
      <Filter>Kei\Events</Filter>
    </ClInclude>
    <ClInclude Include="src\Kei\Events\Event.h">
      <Filter>Kei\Events</Filter>
    </ClInclude>
    <ClInclude Include="src\Kei\Events\KeyEvent.h">
      <Filter>Kei\Events</Filter>
    </ClInclude>
    <ClInclude Include="src\Kei\Events\MouseEvent.h">
      <Filter>Kei\Events</Filter>
    </ClInclude>
    <ClInclude Include="src\Kei\KeyCodes.h">
      <Filter>Kei</Filter>
    </ClInclude>
    <ClInclude Include="src\Kei\Log.h">
      <Filter>Kei</Filter>
    </ClInclude>
    <ClInclude Include="src\Kei\Misc\Clock.h">
      <Filter>Kei\Misc</Filter>
    </ClInclude>
    <ClInclude Include="src\Kei\Misc\Test.h">
      <Filter>Kei\Misc</Filter>
    </ClInclude>
    <ClInclude Include="src\Kei\MouseCodes.h">
      <Filter>Kei</Filter>
    </ClInclude>
    <ClInclude Include="src\Keipch.h" />
  </ItemGroup>
  <ItemGroup>
    <ClCompile Include="src\Kei\Application.cpp">
      <Filter>Kei</Filter>
    </ClCompile>
    <ClCompile Include="src\Kei\Log.cpp">
      <Filter>Kei</Filter>
    </ClCompile>
    <ClCompile Include="src\Keipch.cpp" />
  </ItemGroup>
</Project>