<?xml version="1.0" encoding="utf-8"?>
<Project ToolsVersion="4.0" xmlns="http://schemas.microsoft.com/developer/msbuild/2003">
  <ItemGroup>
    <Filter Include="Kei">
      <UniqueIdentifier>{5EFF870B-CA08-887C-5384-9E7CBF8C937C}</UniqueIdentifier>
    </Filter>
  </ItemGroup>
  <ItemGroup>
    <ClInclude Include="src\Kei.h" />
    <ClInclude Include="src\Kei\Application.h">
      <Filter>Kei</Filter>
    </ClInclude>
    <ClInclude Include="src\Kei\Core.h">
      <Filter>Kei</Filter>
    </ClInclude>
    <ClInclude Include="src\Kei\EntryPoint.h">
      <Filter>Kei</Filter>
    </ClInclude>
    <ClInclude Include="src\Kei\Log.h">
      <Filter>Kei</Filter>
    </ClInclude>
    <ClInclude Include="src\Kei\Events\Event.h" />
    <ClInclude Include="src\Kei\Events\ApplicationEvent.h" />
    <ClInclude Include="src\Kei\Events\MouseEvent.h" />
    <ClInclude Include="src\Kei\Events\KeyEvent.h" />
    <ClInclude Include="src\Kei\KeyCodes.h" />
    <ClInclude Include="src\Kei\Misc\Clock.h" />
    <ClInclude Include="src\Kei\MouseCodes.h" />
  </ItemGroup>
  <ItemGroup>
    <ClCompile Include="src\Kei\Application.cpp">
      <Filter>Kei</Filter>
    </ClCompile>
    <ClCompile Include="src\Kei\Log.cpp">
      <Filter>Kei</Filter>
    </ClCompile>
    <ClCompile Include="src\Kei\Misc\Test.h" />
  </ItemGroup>
</Project>